
Microsoft Visual Studio Solution File, Format Version 12.00
# Visual Studio Version 17
VisualStudioVersion = 17.7.34031.279
MinimumVisualStudioVersion = 10.0.40219.1
Project("{FAE04EC0-301F-11D3-BF4B-00C04F79EFBC}") = "ConsoleTask1", "ConsoleTask1\ConsoleTask1.csproj", "{0CD40997-FCFD-4406-8331-E571424F6EDD}"
EndProject
Global
	GlobalSection(SolutionConfigurationPlatforms) = preSolution
		Debug|Any CPU = Debug|Any CPU
		Release|Any CPU = Release|Any CPU
	EndGlobalSection
	GlobalSection(ProjectConfigurationPlatforms) = postSolution
		{0CD40997-FCFD-4406-8331-E571424F6EDD}.Debug|Any CPU.ActiveCfg = Debug|Any CPU
		{0CD40997-FCFD-4406-8331-E571424F6EDD}.Debug|Any CPU.Build.0 = Debug|Any CPU
		{0CD40997-FCFD-4406-8331-E571424F6EDD}.Release|Any CPU.ActiveCfg = Release|Any CPU
		{0CD40997-FCFD-4406-8331-E571424F6EDD}.Release|Any CPU.Build.0 = Release|Any CPU
	EndGlobalSection
	GlobalSection(SolutionProperties) = preSolution
		HideSolutionNode = FALSE
	EndGlobalSection
	GlobalSection(ExtensibilityGlobals) = postSolution
		SolutionGuid = {B4526EEC-39C0-4C97-BE0D-DB70CCC110EB}
	EndGlobalSection
EndGlobal
